
Microsoft Visual Studio Solution File, Format Version 12.00
# Visual Studio Version 17
VisualStudioVersion = 17.6.33829.357
MinimumVisualStudioVersion = 10.0.40219.1
Project("{9A19103F-16F7-4668-BE54-9A1E7A4F7556}") = "beebotappfinal", "beebotappfinal.csproj", "{5355FD16-F95F-47D4-AC11-CD372BC2C222}"
EndProject
Global
	GlobalSection(SolutionConfigurationPlatforms) = preSolution
		Debug|Any CPU = Debug|Any CPU
		Release|Any CPU = Release|Any CPU
	EndGlobalSection
	GlobalSection(ProjectConfigurationPlatforms) = postSolution
		{5355FD16-F95F-47D4-AC11-CD372BC2C222}.Debug|Any CPU.ActiveCfg = Debug|Any CPU
		{5355FD16-F95F-47D4-AC11-CD372BC2C222}.Debug|Any CPU.Build.0 = Debug|Any CPU
		{5355FD16-F95F-47D4-AC11-CD372BC2C222}.Release|Any CPU.ActiveCfg = Release|Any CPU
		{5355FD16-F95F-47D4-AC11-CD372BC2C222}.Release|Any CPU.Build.0 = Release|Any CPU
	EndGlobalSection
	GlobalSection(SolutionProperties) = preSolution
		HideSolutionNode = FALSE
	EndGlobalSection
	GlobalSection(ExtensibilityGlobals) = postSolution
		SolutionGuid = {68CCC000-88AC-4C3F-9103-9DD52B1BD2C0}
	EndGlobalSection
EndGlobal
